
Microsoft Visual Studio Solution File, Format Version 12.00
# Visual Studio Version 17
VisualStudioVersion = 17.3.32929.385
MinimumVisualStudioVersion = 10.0.40219.1
Project("{FAE04EC0-301F-11D3-BF4B-00C04F79EFBC}") = "WorkoutBuddy.Api", "WorkoutBuddy.Api\WorkoutBuddy.Api.csproj", "{9D6C0BD6-58A5-498B-8215-2478461908B6}"
EndProject
Project("{FAE04EC0-301F-11D3-BF4B-00C04F79EFBC}") = "WorkoutBuddy.Data", "WorkoutBuddy.Data\WorkoutBuddy.Data.csproj", "{1B5738E5-0DB9-468F-9928-CEC71F8CA0D4}"
EndProject
Global
	GlobalSection(SolutionConfigurationPlatforms) = preSolution
		Debug|Any CPU = Debug|Any CPU
		Release|Any CPU = Release|Any CPU
	EndGlobalSection
	GlobalSection(ProjectConfigurationPlatforms) = postSolution
		{9D6C0BD6-58A5-498B-8215-2478461908B6}.Debug|Any CPU.ActiveCfg = Debug|Any CPU
		{9D6C0BD6-58A5-498B-8215-2478461908B6}.Debug|Any CPU.Build.0 = Debug|Any CPU
		{9D6C0BD6-58A5-498B-8215-2478461908B6}.Release|Any CPU.ActiveCfg = Release|Any CPU
		{9D6C0BD6-58A5-498B-8215-2478461908B6}.Release|Any CPU.Build.0 = Release|Any CPU
		{1B5738E5-0DB9-468F-9928-CEC71F8CA0D4}.Debug|Any CPU.ActiveCfg = Debug|Any CPU
		{1B5738E5-0DB9-468F-9928-CEC71F8CA0D4}.Debug|Any CPU.Build.0 = Debug|Any CPU
		{1B5738E5-0DB9-468F-9928-CEC71F8CA0D4}.Release|Any CPU.ActiveCfg = Release|Any CPU
		{1B5738E5-0DB9-468F-9928-CEC71F8CA0D4}.Release|Any CPU.Build.0 = Release|Any CPU
	EndGlobalSection
	GlobalSection(SolutionProperties) = preSolution
		HideSolutionNode = FALSE
	EndGlobalSection
	GlobalSection(ExtensibilityGlobals) = postSolution
		SolutionGuid = {A230F683-F4F8-4997-8ACC-3D8CA5BC4C85}
	EndGlobalSection
EndGlobal
